// !$*UTF8*$!
{
	archiveVersion = 1;
	classes = {
	};
	objectVersion = 55;
	objects = {

/* Begin PBXBuildFile section */
		0AE094F528BFCCFB00752327 /* AppDelegate.swift in Sources */ = {isa = PBXBuildFile; fileRef = 0AE094F428BFCCFB00752327 /* AppDelegate.swift */; };
		0AE094F728BFCCFB00752327 /* SceneDelegate.swift in Sources */ = {isa = PBXBuildFile; fileRef = 0AE094F628BFCCFB00752327 /* SceneDelegate.swift */; };
		0AE094F928BFCCFB00752327 /* ViewController.swift in Sources */ = {isa = PBXBuildFile; fileRef = 0AE094F828BFCCFB00752327 /* ViewController.swift */; };
		0AE094FC28BFCCFB00752327 /* Main.storyboard in Resources */ = {isa = PBXBuildFile; fileRef = 0AE094FA28BFCCFB00752327 /* Main.storyboard */; };
		0AE094FE28BFCCFC00752327 /* Assets.xcassets in Resources */ = {isa = PBXBuildFile; fileRef = 0AE094FD28BFCCFC00752327 /* Assets.xcassets */; };
		0AE0950128BFCCFC00752327 /* LaunchScreen.storyboard in Resources */ = {isa = PBXBuildFile; fileRef = 0AE094FF28BFCCFC00752327 /* LaunchScreen.storyboard */; };
		0AE0951528C0953700752327 /* NotesViewController.swift in Sources */ = {isa = PBXBuildFile; fileRef = 0AE0951428C0953700752327 /* NotesViewController.swift */; };
		0AE0951A28C0957700752327 /* BaseViewController.swift in Sources */ = {isa = PBXBuildFile; fileRef = 0AE0951928C0957700752327 /* BaseViewController.swift */; };
		0AE0951C28C095B800752327 /* BaseView.swift in Sources */ = {isa = PBXBuildFile; fileRef = 0AE0951B28C095B800752327 /* BaseView.swift */; };
		0AE0951E28C0960100752327 /* NotesView.swift in Sources */ = {isa = PBXBuildFile; fileRef = 0AE0951D28C0960100752327 /* NotesView.swift */; };
		0AE0952128C0BB9200752327 /* SnapKit in Frameworks */ = {isa = PBXBuildFile; productRef = 0AE0952028C0BB9200752327 /* SnapKit */; };
		0AE0952328C0C7C400752327 /* BaseTableViewCell.swift in Sources */ = {isa = PBXBuildFile; fileRef = 0AE0952228C0C7C400752327 /* BaseTableViewCell.swift */; };
		0AE0952628C0C82300752327 /* ReusableView.swift in Sources */ = {isa = PBXBuildFile; fileRef = 0AE0952528C0C82300752327 /* ReusableView.swift */; };
		0AE0952828C0C8A100752327 /* NotesTableViewCell.swift in Sources */ = {isa = PBXBuildFile; fileRef = 0AE0952728C0C8A100752327 /* NotesTableViewCell.swift */; };
		0AE0952A28C11A4700752327 /* NotesModel.swift in Sources */ = {isa = PBXBuildFile; fileRef = 0AE0952928C11A4700752327 /* NotesModel.swift */; };
		0AE0953128C20A8B00752327 /* String+Extension.swift in Sources */ = {isa = PBXBuildFile; fileRef = 0AE0953028C20A8B00752327 /* String+Extension.swift */; };
		0AE0953428C2171600752327 /* WriteViewController.swift in Sources */ = {isa = PBXBuildFile; fileRef = 0AE0953328C2171600752327 /* WriteViewController.swift */; };
		0AE0953628C2174200752327 /* WriteView.swift in Sources */ = {isa = PBXBuildFile; fileRef = 0AE0953528C2174200752327 /* WriteView.swift */; };
		0AE0953828C21A5500752327 /* Transition+Extension.swift in Sources */ = {isa = PBXBuildFile; fileRef = 0AE0953728C21A5500752327 /* Transition+Extension.swift */; };
		0AE0953B28C242F800752327 /* Note.swift in Sources */ = {isa = PBXBuildFile; fileRef = 0AE0953A28C242F800752327 /* Note.swift */; };
		0AE0953E28C243DF00752327 /* Realm in Frameworks */ = {isa = PBXBuildFile; productRef = 0AE0953D28C243DF00752327 /* Realm */; };
		0AE0954028C243E000752327 /* RealmSwift in Frameworks */ = {isa = PBXBuildFile; productRef = 0AE0953F28C243E000752327 /* RealmSwift */; };
		0AE0954228C2462D00752327 /* NotesRepository.swift in Sources */ = {isa = PBXBuildFile; fileRef = 0AE0954128C2462D00752327 /* NotesRepository.swift */; };
/* End PBXBuildFile section */

/* Begin PBXFileReference section */
		0AE094F128BFCCFB00752327 /* Notes.app */ = {isa = PBXFileReference; explicitFileType = wrapper.application; includeInIndex = 0; path = Notes.app; sourceTree = BUILT_PRODUCTS_DIR; };
		0AE094F428BFCCFB00752327 /* AppDelegate.swift */ = {isa = PBXFileReference; lastKnownFileType = sourcecode.swift; path = AppDelegate.swift; sourceTree = "<group>"; };
		0AE094F628BFCCFB00752327 /* SceneDelegate.swift */ = {isa = PBXFileReference; lastKnownFileType = sourcecode.swift; path = SceneDelegate.swift; sourceTree = "<group>"; };
		0AE094F828BFCCFB00752327 /* ViewController.swift */ = {isa = PBXFileReference; lastKnownFileType = sourcecode.swift; path = ViewController.swift; sourceTree = "<group>"; };
		0AE094FB28BFCCFB00752327 /* Base */ = {isa = PBXFileReference; lastKnownFileType = file.storyboard; name = Base; path = Base.lproj/Main.storyboard; sourceTree = "<group>"; };
		0AE094FD28BFCCFC00752327 /* Assets.xcassets */ = {isa = PBXFileReference; lastKnownFileType = folder.assetcatalog; path = Assets.xcassets; sourceTree = "<group>"; };
		0AE0950028BFCCFC00752327 /* Base */ = {isa = PBXFileReference; lastKnownFileType = file.storyboard; name = Base; path = Base.lproj/LaunchScreen.storyboard; sourceTree = "<group>"; };
		0AE0950228BFCCFC00752327 /* Info.plist */ = {isa = PBXFileReference; lastKnownFileType = text.plist.xml; path = Info.plist; sourceTree = "<group>"; };
		0AE0951428C0953700752327 /* NotesViewController.swift */ = {isa = PBXFileReference; lastKnownFileType = sourcecode.swift; path = NotesViewController.swift; sourceTree = "<group>"; };
		0AE0951928C0957700752327 /* BaseViewController.swift */ = {isa = PBXFileReference; lastKnownFileType = sourcecode.swift; path = BaseViewController.swift; sourceTree = "<group>"; };
		0AE0951B28C095B800752327 /* BaseView.swift */ = {isa = PBXFileReference; lastKnownFileType = sourcecode.swift; path = BaseView.swift; sourceTree = "<group>"; };
		0AE0951D28C0960100752327 /* NotesView.swift */ = {isa = PBXFileReference; lastKnownFileType = sourcecode.swift; path = NotesView.swift; sourceTree = "<group>"; };
		0AE0952228C0C7C400752327 /* BaseTableViewCell.swift */ = {isa = PBXFileReference; lastKnownFileType = sourcecode.swift; path = BaseTableViewCell.swift; sourceTree = "<group>"; };
		0AE0952528C0C82300752327 /* ReusableView.swift */ = {isa = PBXFileReference; lastKnownFileType = sourcecode.swift; path = ReusableView.swift; sourceTree = "<group>"; };
		0AE0952728C0C8A100752327 /* NotesTableViewCell.swift */ = {isa = PBXFileReference; lastKnownFileType = sourcecode.swift; path = NotesTableViewCell.swift; sourceTree = "<group>"; };
		0AE0952928C11A4700752327 /* NotesModel.swift */ = {isa = PBXFileReference; lastKnownFileType = sourcecode.swift; path = NotesModel.swift; sourceTree = "<group>"; };
		0AE0953028C20A8B00752327 /* String+Extension.swift */ = {isa = PBXFileReference; lastKnownFileType = sourcecode.swift; path = "String+Extension.swift"; sourceTree = "<group>"; };
		0AE0953328C2171600752327 /* WriteViewController.swift */ = {isa = PBXFileReference; lastKnownFileType = sourcecode.swift; path = WriteViewController.swift; sourceTree = "<group>"; };
		0AE0953528C2174200752327 /* WriteView.swift */ = {isa = PBXFileReference; lastKnownFileType = sourcecode.swift; path = WriteView.swift; sourceTree = "<group>"; };
		0AE0953728C21A5500752327 /* Transition+Extension.swift */ = {isa = PBXFileReference; lastKnownFileType = sourcecode.swift; path = "Transition+Extension.swift"; sourceTree = "<group>"; };
		0AE0953A28C242F800752327 /* Note.swift */ = {isa = PBXFileReference; lastKnownFileType = sourcecode.swift; path = Note.swift; sourceTree = "<group>"; };
		0AE0954128C2462D00752327 /* NotesRepository.swift */ = {isa = PBXFileReference; lastKnownFileType = sourcecode.swift; path = NotesRepository.swift; sourceTree = "<group>"; };
/* End PBXFileReference section */

/* Begin PBXFrameworksBuildPhase section */
		0AE094EE28BFCCFB00752327 /* Frameworks */ = {
			isa = PBXFrameworksBuildPhase;
			buildActionMask = 2147483647;
			files = (
				0AE0954028C243E000752327 /* RealmSwift in Frameworks */,
				0AE0953E28C243DF00752327 /* Realm in Frameworks */,
				0AE0952128C0BB9200752327 /* SnapKit in Frameworks */,
			);
			runOnlyForDeploymentPostprocessing = 0;
		};
/* End PBXFrameworksBuildPhase section */

/* Begin PBXGroup section */
		0AE094E828BFCCFB00752327 = {
			isa = PBXGroup;
			children = (
				0AE094F328BFCCFB00752327 /* Notes */,
				0AE094F228BFCCFB00752327 /* Products */,
			);
			sourceTree = "<group>";
		};
		0AE094F228BFCCFB00752327 /* Products */ = {
			isa = PBXGroup;
			children = (
				0AE094F128BFCCFB00752327 /* Notes.app */,
			);
			name = Products;
			sourceTree = "<group>";
		};
		0AE094F328BFCCFB00752327 /* Notes */ = {
			isa = PBXGroup;
			children = (
				0AE0953928C242DE00752327 /* Realm */,
				0AE0951628C0953D00752327 /* Utility */,
				0AE0951228C094D300752327 /* Scenes */,
				0AE0953228C2170500752327 /* Write */,
				0AE094F428BFCCFB00752327 /* AppDelegate.swift */,
				0AE094F628BFCCFB00752327 /* SceneDelegate.swift */,
				0AE094F828BFCCFB00752327 /* ViewController.swift */,
				0AE094FA28BFCCFB00752327 /* Main.storyboard */,
				0AE094FD28BFCCFC00752327 /* Assets.xcassets */,
				0AE094FF28BFCCFC00752327 /* LaunchScreen.storyboard */,
				0AE0950228BFCCFC00752327 /* Info.plist */,
			);
			path = Notes;
			sourceTree = "<group>";
		};
		0AE0951228C094D300752327 /* Scenes */ = {
			isa = PBXGroup;
			children = (
				0AE0951328C094F400752327 /* Notes */,
			);
			path = Scenes;
			sourceTree = "<group>";
		};
		0AE0951328C094F400752327 /* Notes */ = {
			isa = PBXGroup;
			children = (
				0AE0951428C0953700752327 /* NotesViewController.swift */,
				0AE0951D28C0960100752327 /* NotesView.swift */,
				0AE0952728C0C8A100752327 /* NotesTableViewCell.swift */,
				0AE0952928C11A4700752327 /* NotesModel.swift */,
			);
			path = Notes;
			sourceTree = "<group>";
		};
		0AE0951628C0953D00752327 /* Utility */ = {
			isa = PBXGroup;
			children = (
				0AE0952F28C20A4800752327 /* Extensions */,
				0AE0952428C0C81800752327 /* Protocols */,
				0AE0951828C0956D00752327 /* Base */,
			);
			path = Utility;
			sourceTree = "<group>";
		};
		0AE0951828C0956D00752327 /* Base */ = {
			isa = PBXGroup;
			children = (
				0AE0951928C0957700752327 /* BaseViewController.swift */,
				0AE0951B28C095B800752327 /* BaseView.swift */,
				0AE0952228C0C7C400752327 /* BaseTableViewCell.swift */,
			);
			path = Base;
			sourceTree = "<group>";
		};
		0AE0952428C0C81800752327 /* Protocols */ = {
			isa = PBXGroup;
			children = (
				0AE0952528C0C82300752327 /* ReusableView.swift */,
			);
			path = Protocols;
			sourceTree = "<group>";
		};
		0AE0952F28C20A4800752327 /* Extensions */ = {
			isa = PBXGroup;
			children = (
				0AE0953028C20A8B00752327 /* String+Extension.swift */,
				0AE0953728C21A5500752327 /* Transition+Extension.swift */,
			);
			path = Extensions;
			sourceTree = "<group>";
		};
		0AE0953228C2170500752327 /* Write */ = {
			isa = PBXGroup;
			children = (
				0AE0953328C2171600752327 /* WriteViewController.swift */,
				0AE0953528C2174200752327 /* WriteView.swift */,
			);
			path = Write;
			sourceTree = "<group>";
		};
		0AE0953928C242DE00752327 /* Realm */ = {
			isa = PBXGroup;
			children = (
				0AE0953A28C242F800752327 /* Note.swift */,
				0AE0954128C2462D00752327 /* NotesRepository.swift */,
			);
			path = Realm;
			sourceTree = "<group>";
		};
/* End PBXGroup section */

/* Begin PBXNativeTarget section */
		0AE094F028BFCCFB00752327 /* Notes */ = {
			isa = PBXNativeTarget;
			buildConfigurationList = 0AE0950528BFCCFC00752327 /* Build configuration list for PBXNativeTarget "Notes" */;
			buildPhases = (
				0AE094ED28BFCCFB00752327 /* Sources */,
				0AE094EE28BFCCFB00752327 /* Frameworks */,
				0AE094EF28BFCCFB00752327 /* Resources */,
			);
			buildRules = (
			);
			dependencies = (
			);
			name = Notes;
			packageProductDependencies = (
				0AE0952028C0BB9200752327 /* SnapKit */,
				0AE0953D28C243DF00752327 /* Realm */,
				0AE0953F28C243E000752327 /* RealmSwift */,
			);
			productName = Notes;
			productReference = 0AE094F128BFCCFB00752327 /* Notes.app */;
			productType = "com.apple.product-type.application";
		};
/* End PBXNativeTarget section */

/* Begin PBXProject section */
		0AE094E928BFCCFB00752327 /* Project object */ = {
			isa = PBXProject;
			attributes = {
				BuildIndependentTargetsInParallel = 1;
				LastSwiftUpdateCheck = 1340;
				LastUpgradeCheck = 1340;
				TargetAttributes = {
					0AE094F028BFCCFB00752327 = {
						CreatedOnToolsVersion = 13.4.1;
					};
				};
			};
			buildConfigurationList = 0AE094EC28BFCCFB00752327 /* Build configuration list for PBXProject "Notes" */;
			compatibilityVersion = "Xcode 13.0";
			developmentRegion = en;
			hasScannedForEncodings = 0;
			knownRegions = (
				en,
				Base,
			);
			mainGroup = 0AE094E828BFCCFB00752327;
			packageReferences = (
				0AE0951F28C0BB9200752327 /* XCRemoteSwiftPackageReference "SnapKit" */,
				0AE0953C28C243DF00752327 /* XCRemoteSwiftPackageReference "realm-swift" */,
			);
			productRefGroup = 0AE094F228BFCCFB00752327 /* Products */;
			projectDirPath = "";
			projectRoot = "";
			targets = (
				0AE094F028BFCCFB00752327 /* Notes */,
			);
		};
/* End PBXProject section */

/* Begin PBXResourcesBuildPhase section */
		0AE094EF28BFCCFB00752327 /* Resources */ = {
			isa = PBXResourcesBuildPhase;
			buildActionMask = 2147483647;
			files = (
				0AE0950128BFCCFC00752327 /* LaunchScreen.storyboard in Resources */,
				0AE094FE28BFCCFC00752327 /* Assets.xcassets in Resources */,
				0AE094FC28BFCCFB00752327 /* Main.storyboard in Resources */,
			);
			runOnlyForDeploymentPostprocessing = 0;
		};
/* End PBXResourcesBuildPhase section */

/* Begin PBXSourcesBuildPhase section */
		0AE094ED28BFCCFB00752327 /* Sources */ = {
			isa = PBXSourcesBuildPhase;
			buildActionMask = 2147483647;
			files = (
				0AE0952628C0C82300752327 /* ReusableView.swift in Sources */,
				0AE0952328C0C7C400752327 /* BaseTableViewCell.swift in Sources */,
				0AE0951E28C0960100752327 /* NotesView.swift in Sources */,
				0AE0951A28C0957700752327 /* BaseViewController.swift in Sources */,
				0AE0953128C20A8B00752327 /* String+Extension.swift in Sources */,
				0AE0953428C2171600752327 /* WriteViewController.swift in Sources */,
				0AE0953628C2174200752327 /* WriteView.swift in Sources */,
				0AE0952A28C11A4700752327 /* NotesModel.swift in Sources */,
				0AE0951528C0953700752327 /* NotesViewController.swift in Sources */,
				0AE0953828C21A5500752327 /* Transition+Extension.swift in Sources */,
				0AE094F928BFCCFB00752327 /* ViewController.swift in Sources */,
				0AE0951C28C095B800752327 /* BaseView.swift in Sources */,
				0AE0952828C0C8A100752327 /* NotesTableViewCell.swift in Sources */,
				0AE0954228C2462D00752327 /* NotesRepository.swift in Sources */,
				0AE094F528BFCCFB00752327 /* AppDelegate.swift in Sources */,
				0AE094F728BFCCFB00752327 /* SceneDelegate.swift in Sources */,
				0AE0953B28C242F800752327 /* Note.swift in Sources */,
			);
			runOnlyForDeploymentPostprocessing = 0;
		};
/* End PBXSourcesBuildPhase section */

/* Begin PBXVariantGroup section */
		0AE094FA28BFCCFB00752327 /* Main.storyboard */ = {
			isa = PBXVariantGroup;
			children = (
				0AE094FB28BFCCFB00752327 /* Base */,
			);
			name = Main.storyboard;
			sourceTree = "<group>";
		};
		0AE094FF28BFCCFC00752327 /* LaunchScreen.storyboard */ = {
			isa = PBXVariantGroup;
			children = (
				0AE0950028BFCCFC00752327 /* Base */,
			);
			name = LaunchScreen.storyboard;
			sourceTree = "<group>";
		};
/* End PBXVariantGroup section */

/* Begin XCBuildConfiguration section */
		0AE0950328BFCCFC00752327 /* Debug */ = {
			isa = XCBuildConfiguration;
			buildSettings = {
				ALWAYS_SEARCH_USER_PATHS = NO;
				CLANG_ANALYZER_NONNULL = YES;
				CLANG_ANALYZER_NUMBER_OBJECT_CONVERSION = YES_AGGRESSIVE;
				CLANG_CXX_LANGUAGE_STANDARD = "gnu++17";
				CLANG_ENABLE_MODULES = YES;
				CLANG_ENABLE_OBJC_ARC = YES;
				CLANG_ENABLE_OBJC_WEAK = YES;
				CLANG_WARN_BLOCK_CAPTURE_AUTORELEASING = YES;
				CLANG_WARN_BOOL_CONVERSION = YES;
				CLANG_WARN_COMMA = YES;
				CLANG_WARN_CONSTANT_CONVERSION = YES;
				CLANG_WARN_DEPRECATED_OBJC_IMPLEMENTATIONS = YES;
				CLANG_WARN_DIRECT_OBJC_ISA_USAGE = YES_ERROR;
				CLANG_WARN_DOCUMENTATION_COMMENTS = YES;
				CLANG_WARN_EMPTY_BODY = YES;
				CLANG_WARN_ENUM_CONVERSION = YES;
				CLANG_WARN_INFINITE_RECURSION = YES;
				CLANG_WARN_INT_CONVERSION = YES;
				CLANG_WARN_NON_LITERAL_NULL_CONVERSION = YES;
				CLANG_WARN_OBJC_IMPLICIT_RETAIN_SELF = YES;
				CLANG_WARN_OBJC_LITERAL_CONVERSION = YES;
				CLANG_WARN_OBJC_ROOT_CLASS = YES_ERROR;
				CLANG_WARN_QUOTED_INCLUDE_IN_FRAMEWORK_HEADER = YES;
				CLANG_WARN_RANGE_LOOP_ANALYSIS = YES;
				CLANG_WARN_STRICT_PROTOTYPES = YES;
				CLANG_WARN_SUSPICIOUS_MOVE = YES;
				CLANG_WARN_UNGUARDED_AVAILABILITY = YES_AGGRESSIVE;
				CLANG_WARN_UNREACHABLE_CODE = YES;
				CLANG_WARN__DUPLICATE_METHOD_MATCH = YES;
				COPY_PHASE_STRIP = NO;
				DEBUG_INFORMATION_FORMAT = dwarf;
				ENABLE_STRICT_OBJC_MSGSEND = YES;
				ENABLE_TESTABILITY = YES;
				GCC_C_LANGUAGE_STANDARD = gnu11;
				GCC_DYNAMIC_NO_PIC = NO;
				GCC_NO_COMMON_BLOCKS = YES;
				GCC_OPTIMIZATION_LEVEL = 0;
				GCC_PREPROCESSOR_DEFINITIONS = (
					"DEBUG=1",
					"$(inherited)",
				);
				GCC_WARN_64_TO_32_BIT_CONVERSION = YES;
				GCC_WARN_ABOUT_RETURN_TYPE = YES_ERROR;
				GCC_WARN_UNDECLARED_SELECTOR = YES;
				GCC_WARN_UNINITIALIZED_AUTOS = YES_AGGRESSIVE;
				GCC_WARN_UNUSED_FUNCTION = YES;
				GCC_WARN_UNUSED_VARIABLE = YES;
				IPHONEOS_DEPLOYMENT_TARGET = 15.5;
				MTL_ENABLE_DEBUG_INFO = INCLUDE_SOURCE;
				MTL_FAST_MATH = YES;
				ONLY_ACTIVE_ARCH = YES;
				SDKROOT = iphoneos;
				SWIFT_ACTIVE_COMPILATION_CONDITIONS = DEBUG;
				SWIFT_OPTIMIZATION_LEVEL = "-Onone";
			};
			name = Debug;
		};
		0AE0950428BFCCFC00752327 /* Release */ = {
			isa = XCBuildConfiguration;
			buildSettings = {
				ALWAYS_SEARCH_USER_PATHS = NO;
				CLANG_ANALYZER_NONNULL = YES;
				CLANG_ANALYZER_NUMBER_OBJECT_CONVERSION = YES_AGGRESSIVE;
				CLANG_CXX_LANGUAGE_STANDARD = "gnu++17";
				CLANG_ENABLE_MODULES = YES;
				CLANG_ENABLE_OBJC_ARC = YES;
				CLANG_ENABLE_OBJC_WEAK = YES;
				CLANG_WARN_BLOCK_CAPTURE_AUTORELEASING = YES;
				CLANG_WARN_BOOL_CONVERSION = YES;
				CLANG_WARN_COMMA = YES;
				CLANG_WARN_CONSTANT_CONVERSION = YES;
				CLANG_WARN_DEPRECATED_OBJC_IMPLEMENTATIONS = YES;
				CLANG_WARN_DIRECT_OBJC_ISA_USAGE = YES_ERROR;
				CLANG_WARN_DOCUMENTATION_COMMENTS = YES;
				CLANG_WARN_EMPTY_BODY = YES;
				CLANG_WARN_ENUM_CONVERSION = YES;
				CLANG_WARN_INFINITE_RECURSION = YES;
				CLANG_WARN_INT_CONVERSION = YES;
				CLANG_WARN_NON_LITERAL_NULL_CONVERSION = YES;
				CLANG_WARN_OBJC_IMPLICIT_RETAIN_SELF = YES;
				CLANG_WARN_OBJC_LITERAL_CONVERSION = YES;
				CLANG_WARN_OBJC_ROOT_CLASS = YES_ERROR;
				CLANG_WARN_QUOTED_INCLUDE_IN_FRAMEWORK_HEADER = YES;
				CLANG_WARN_RANGE_LOOP_ANALYSIS = YES;
				CLANG_WARN_STRICT_PROTOTYPES = YES;
				CLANG_WARN_SUSPICIOUS_MOVE = YES;
				CLANG_WARN_UNGUARDED_AVAILABILITY = YES_AGGRESSIVE;
				CLANG_WARN_UNREACHABLE_CODE = YES;
				CLANG_WARN__DUPLICATE_METHOD_MATCH = YES;
				COPY_PHASE_STRIP = NO;
				DEBUG_INFORMATION_FORMAT = "dwarf-with-dsym";
				ENABLE_NS_ASSERTIONS = NO;
				ENABLE_STRICT_OBJC_MSGSEND = YES;
				GCC_C_LANGUAGE_STANDARD = gnu11;
				GCC_NO_COMMON_BLOCKS = YES;
				GCC_WARN_64_TO_32_BIT_CONVERSION = YES;
				GCC_WARN_ABOUT_RETURN_TYPE = YES_ERROR;
				GCC_WARN_UNDECLARED_SELECTOR = YES;
				GCC_WARN_UNINITIALIZED_AUTOS = YES_AGGRESSIVE;
				GCC_WARN_UNUSED_FUNCTION = YES;
				GCC_WARN_UNUSED_VARIABLE = YES;
				IPHONEOS_DEPLOYMENT_TARGET = 15.5;
				MTL_ENABLE_DEBUG_INFO = NO;
				MTL_FAST_MATH = YES;
				SDKROOT = iphoneos;
				SWIFT_COMPILATION_MODE = wholemodule;
				SWIFT_OPTIMIZATION_LEVEL = "-O";
				VALIDATE_PRODUCT = YES;
			};
			name = Release;
		};
		0AE0950628BFCCFC00752327 /* Debug */ = {
			isa = XCBuildConfiguration;
			buildSettings = {
				ASSETCATALOG_COMPILER_APPICON_NAME = AppIcon;
				ASSETCATALOG_COMPILER_GLOBAL_ACCENT_COLOR_NAME = AccentColor;
				CODE_SIGN_STYLE = Automatic;
				CURRENT_PROJECT_VERSION = 1;
				DEVELOPMENT_TEAM = D92DSFPJZF;
				GENERATE_INFOPLIST_FILE = YES;
				INFOPLIST_FILE = Notes/Info.plist;
				INFOPLIST_KEY_UIApplicationSupportsIndirectInputEvents = YES;
				INFOPLIST_KEY_UILaunchStoryboardName = LaunchScreen;
				INFOPLIST_KEY_UIMainStoryboardFile = Main;
				INFOPLIST_KEY_UISupportedInterfaceOrientations_iPad = "UIInterfaceOrientationPortrait UIInterfaceOrientationPortraitUpsideDown UIInterfaceOrientationLandscapeLeft UIInterfaceOrientationLandscapeRight";
				INFOPLIST_KEY_UISupportedInterfaceOrientations_iPhone = "UIInterfaceOrientationPortrait UIInterfaceOrientationLandscapeLeft UIInterfaceOrientationLandscapeRight";
				IPHONEOS_DEPLOYMENT_TARGET = 13.0;
				LD_RUNPATH_SEARCH_PATHS = (
					"$(inherited)",
					"@executable_path/Frameworks",
				);
				MARKETING_VERSION = 1.0;
				PRODUCT_BUNDLE_IDENTIFIER = com.sani.Notes;
				PRODUCT_NAME = "$(TARGET_NAME)";
				SWIFT_EMIT_LOC_STRINGS = YES;
				SWIFT_VERSION = 5.0;
				TARGETED_DEVICE_FAMILY = 1;
			};
			name = Debug;
		};
		0AE0950728BFCCFC00752327 /* Release */ = {
			isa = XCBuildConfiguration;
			buildSettings = {
				ASSETCATALOG_COMPILER_APPICON_NAME = AppIcon;
				ASSETCATALOG_COMPILER_GLOBAL_ACCENT_COLOR_NAME = AccentColor;
				CODE_SIGN_STYLE = Automatic;
				CURRENT_PROJECT_VERSION = 1;
				DEVELOPMENT_TEAM = D92DSFPJZF;
				GENERATE_INFOPLIST_FILE = YES;
				INFOPLIST_FILE = Notes/Info.plist;
				INFOPLIST_KEY_UIApplicationSupportsIndirectInputEvents = YES;
				INFOPLIST_KEY_UILaunchStoryboardName = LaunchScreen;
				INFOPLIST_KEY_UIMainStoryboardFile = Main;
				INFOPLIST_KEY_UISupportedInterfaceOrientations_iPad = "UIInterfaceOrientationPortrait UIInterfaceOrientationPortraitUpsideDown UIInterfaceOrientationLandscapeLeft UIInterfaceOrientationLandscapeRight";
				INFOPLIST_KEY_UISupportedInterfaceOrientations_iPhone = "UIInterfaceOrientationPortrait UIInterfaceOrientationLandscapeLeft UIInterfaceOrientationLandscapeRight";
				IPHONEOS_DEPLOYMENT_TARGET = 13.0;
				LD_RUNPATH_SEARCH_PATHS = (
					"$(inherited)",
					"@executable_path/Frameworks",
				);
				MARKETING_VERSION = 1.0;
				PRODUCT_BUNDLE_IDENTIFIER = com.sani.Notes;
				PRODUCT_NAME = "$(TARGET_NAME)";
				SWIFT_EMIT_LOC_STRINGS = YES;
				SWIFT_VERSION = 5.0;
				TARGETED_DEVICE_FAMILY = 1;
			};
			name = Release;
		};
/* End XCBuildConfiguration section */

/* Begin XCConfigurationList section */
		0AE094EC28BFCCFB00752327 /* Build configuration list for PBXProject "Notes" */ = {
			isa = XCConfigurationList;
			buildConfigurations = (
				0AE0950328BFCCFC00752327 /* Debug */,
				0AE0950428BFCCFC00752327 /* Release */,
			);
			defaultConfigurationIsVisible = 0;
			defaultConfigurationName = Release;
		};
		0AE0950528BFCCFC00752327 /* Build configuration list for PBXNativeTarget "Notes" */ = {
			isa = XCConfigurationList;
			buildConfigurations = (
				0AE0950628BFCCFC00752327 /* Debug */,
				0AE0950728BFCCFC00752327 /* Release */,
			);
			defaultConfigurationIsVisible = 0;
			defaultConfigurationName = Release;
		};
/* End XCConfigurationList section */

/* Begin XCRemoteSwiftPackageReference section */
		0AE0951F28C0BB9200752327 /* XCRemoteSwiftPackageReference "SnapKit" */ = {
			isa = XCRemoteSwiftPackageReference;
			repositoryURL = "https://github.com/SnapKit/SnapKit";
			requirement = {
				kind = upToNextMajorVersion;
				minimumVersion = 5.0.0;
			};
		};
		0AE0953C28C243DF00752327 /* XCRemoteSwiftPackageReference "realm-swift" */ = {
			isa = XCRemoteSwiftPackageReference;
			repositoryURL = "https://github.com/realm/realm-swift.git";
			requirement = {
				kind = upToNextMajorVersion;
				minimumVersion = 10.0.0;
			};
		};
/* End XCRemoteSwiftPackageReference section */

/* Begin XCSwiftPackageProductDependency section */
		0AE0952028C0BB9200752327 /* SnapKit */ = {
			isa = XCSwiftPackageProductDependency;
			package = 0AE0951F28C0BB9200752327 /* XCRemoteSwiftPackageReference "SnapKit" */;
			productName = SnapKit;
		};
		0AE0953D28C243DF00752327 /* Realm */ = {
			isa = XCSwiftPackageProductDependency;
			package = 0AE0953C28C243DF00752327 /* XCRemoteSwiftPackageReference "realm-swift" */;
			productName = Realm;
		};
		0AE0953F28C243E000752327 /* RealmSwift */ = {
			isa = XCSwiftPackageProductDependency;
			package = 0AE0953C28C243DF00752327 /* XCRemoteSwiftPackageReference "realm-swift" */;
			productName = RealmSwift;
		};
/* End XCSwiftPackageProductDependency section */
	};
	rootObject = 0AE094E928BFCCFB00752327 /* Project object */;
}
